
Microsoft Visual Studio Solution File, Format Version 12.00
# Visual Studio Version 17
VisualStudioVersion = 17.8.34309.116
MinimumVisualStudioVersion = 10.0.40219.1
Project("{9A19103F-16F7-4668-BE54-9A1E7A4F7556}") = "AdventOfCode", "AdventOfCode.csproj", "{CA21AAEA-0DDD-44EE-9F36-06A062EE6BFD}"
EndProject
Global
	GlobalSection(SolutionConfigurationPlatforms) = preSolution
		Debug|Any CPU = Debug|Any CPU
		Release|Any CPU = Release|Any CPU
	EndGlobalSection
	GlobalSection(ProjectConfigurationPlatforms) = postSolution
		{CA21AAEA-0DDD-44EE-9F36-06A062EE6BFD}.Debug|Any CPU.ActiveCfg = Debug|Any CPU
		{CA21AAEA-0DDD-44EE-9F36-06A062EE6BFD}.Debug|Any CPU.Build.0 = Debug|Any CPU
		{CA21AAEA-0DDD-44EE-9F36-06A062EE6BFD}.Release|Any CPU.ActiveCfg = Release|Any CPU
		{CA21AAEA-0DDD-44EE-9F36-06A062EE6BFD}.Release|Any CPU.Build.0 = Release|Any CPU
	EndGlobalSection
	GlobalSection(SolutionProperties) = preSolution
		HideSolutionNode = FALSE
	EndGlobalSection
	GlobalSection(ExtensibilityGlobals) = postSolution
		SolutionGuid = {C6A92B96-4816-4041-8ACA-D87851CCC4AD}
	EndGlobalSection
EndGlobal
